# THIS IS AN AUTOGENERATED FILE. DO NOT EDIT THIS FILE DIRECTLY.
# yarn lockfile v1


dotenv@16.1.4:
  version "16.1.4"
  resolved "https://registry.yarnpkg.com/dotenv/-/dotenv-16.1.4.tgz#67ac1a10cd9c25f5ba604e4e08bc77c0ebe0ca8c"
  integrity sha512-m55RtE8AsPeJBpOIFKihEmqUcoVncQIwo7x9U8ZwLEZw9ZpXboz2c+rvog+jUaJvVrZ5kBOeYQBX5+8Aa/OZQw==

playwright-core@1.35.0:
  version "1.35.0"
  resolved "https://registry.yarnpkg.com/playwright-core/-/playwright-core-1.35.0.tgz#b7871b742b4a5c8714b7fa2f570c280a061cb414"
  integrity sha512-muMXyPmIx/2DPrCHOD1H1ePT01o7OdKxKj2ebmCAYvqhUy+Y1bpal7B0rdoxros7YrXI294JT/DWw2LqyiqTPA==

playwright@1.35.0:
  version "1.35.0"
  resolved "https://registry.yarnpkg.com/playwright/-/playwright-1.35.0.tgz#4e3b3ea2495d6fd671700f77b2f97b3adedf80f1"
  integrity sha512-xhFhsoBmKPQfj3dM+HbIiFVlqRCZp2rwdJd/QFd9YBuidabo3TkVv0iuxPQ4vZoMwtSI7qzjY93f5ohdC97hww==
  dependencies:
    playwright-core "1.35.0"

prettier@2.8.8:
  version "2.8.8"
  resolved "https://registry.yarnpkg.com/prettier/-/prettier-2.8.8.tgz#e8c5d7e98a4305ffe3de2e1fc4aca1a71c28b1da"
  integrity sha512-tdN8qQGvNjw4CHbY+XXk0JgCXn9QiF21a55rBe5LJAU+kDyC4WQn4+awm2Xfk2lQMk5fKup9XgzTZtGkjBdP9Q==
