# THIS IS AN AUTOGENERATED FILE. DO NOT EDIT THIS FILE DIRECTLY.
# yarn lockfile v1


dotenv@16.0.1:
  version "16.0.1"
  resolved "https://registry.yarnpkg.com/dotenv/-/dotenv-16.0.1.tgz#8f8f9d94876c35dac989876a5d3a82a267fdce1d"
  integrity sha512-1K6hR6wtk2FviQ4kEiSjFiH5rpzEVi8WW0x96aztHVMhEspNpc4DVOUTEHtEva5VThQ8IaBX1Pe4gSzpVVUsKQ==

playwright-core@1.25.0:
  version "1.25.0"
  resolved "https://registry.yarnpkg.com/playwright-core/-/playwright-core-1.25.0.tgz#54dc867c6c2cc5e4233905e249206a02914d14f1"
  integrity sha512-kZ3Jwaf3wlu0GgU0nB8UMQ+mXFTqBIFz9h1svTlNduNKjnbPXFxw7mJanLVjqxHJRn62uBfmgBj93YHidk2N5Q==

playwright@1.25.0:
  version "1.25.0"
  resolved "https://registry.yarnpkg.com/playwright/-/playwright-1.25.0.tgz#a5e317c8c207b921e7da17507ef9ec2983367970"
  integrity sha512-Z+pQNWI17Qx/tHhnmgMmPsptsisXpKgAnUvYv98kctlHUJaqMt2400P8kTw9vEPoC0xdxqu0JhxO7pDTmaaIKw==
  dependencies:
    playwright-core "1.25.0"

prettier@2.7.1:
  version "2.7.1"
  resolved "https://registry.yarnpkg.com/prettier/-/prettier-2.7.1.tgz#e235806850d057f97bb08368a4f7d899f7760c64"
  integrity sha512-ujppO+MkdPqoVINuDFDRLClm7D78qbDt0/NR+wp5FqEZOoTNAjPHWj17QRhu7geIHJfcNhRk1XVQmF8Bp3ye+g==
